<?xml version="1.0" encoding="utf-8"?>
<Project ToolsVersion="4.0" xmlns="http://schemas.microsoft.com/developer/msbuild/2003">
  <ItemGroup>
    <Image Include="Bunny Game.ico">
      <Filter>Stuff</Filter>
    </Image>
    <Image Include="small.ico">
      <Filter>Stuff</Filter>
    </Image>
  </ItemGroup>
  <ItemGroup>
    <Filter Include="Source Files">
      <UniqueIdentifier>{a761a6ef-dcef-4df7-9f2e-5980d129723f}</UniqueIdentifier>
    </Filter>
    <Filter Include="Header Files">
      <UniqueIdentifier>{c0e40626-feab-4b5c-9518-4f0f274745dd}</UniqueIdentifier>
    </Filter>
    <Filter Include="Stuff">
      <UniqueIdentifier>{c691131e-5481-4575-95c8-e549ea3c1010}</UniqueIdentifier>
    </Filter>
    <Filter Include="Source Files\Behaviors">
      <UniqueIdentifier>{89a160d7-2ca4-4501-9852-4c379e76aaf4}</UniqueIdentifier>
    </Filter>
    <Filter Include="Header Files\Behaviors">
      <UniqueIdentifier>{44aea4da-998e-41d4-a1e3-90e39d543939}</UniqueIdentifier>
    </Filter>
    <Filter Include="Header Files\Behaviors\Common">
      <UniqueIdentifier>{981aeff3-776f-4ca5-ae44-4e2ec0429aa9}</UniqueIdentifier>
    </Filter>
    <Filter Include="Source Files\Behaviors\Common">
      <UniqueIdentifier>{4a37f020-06b0-4457-bce6-674ae96519a5}</UniqueIdentifier>
    </Filter>
  </ItemGroup>
  <ItemGroup>
    <ClCompile Include="Main.cpp">
      <Filter>Source Files</Filter>
    </ClCompile>
    <ClCompile Include="BunnyObjectList.cpp">
      <Filter>Source Files</Filter>
    </ClCompile>
    <ClCompile Include="Pickups.cpp">
      <Filter>Source Files\Behaviors\Common</Filter>
    </ClCompile>
    <ClCompile Include="BunnyObject.cpp">
      <Filter>Source Files\Behaviors\Common</Filter>
    </ClCompile>
    <ClCompile Include="Diamondus.cpp">
      <Filter>Source Files\Behaviors</Filter>
    </ClCompile>
    <ClCompile Include="Bunny.cpp">
      <Filter>Source Files\Behaviors\Common</Filter>
    </ClCompile>
    <ClCompile Include="BunnyVersionDependentStuff.cpp">
      <Filter>Source Files</Filter>
    </ClCompile>
    <ClCompile Include="BunnyMisc.cpp">
      <Filter>Source Files</Filter>
    </ClCompile>
    <ClCompile Include="BunnyShaders.cpp">
      <Filter>Source Files</Filter>
    </ClCompile>
    <ClCompile Include="BunnyEffects.cpp">
      <Filter>Source Files\Behaviors\Common</Filter>
    </ClCompile>
    <ClCompile Include="BunnyHUD.cpp">
      <Filter>Source Files</Filter>
    </ClCompile>
  </ItemGroup>
  <ItemGroup>
    <ResourceCompile Include="Bunny Game.rc">
      <Filter>Stuff</Filter>
    </ResourceCompile>
  </ItemGroup>
  <ItemGroup>
    <Text Include="ReadMe.txt">
      <Filter>Stuff</Filter>
    </Text>
  </ItemGroup>
  <ItemGroup>
    <ClInclude Include="BunnyObjectList.h">
      <Filter>Header Files</Filter>
    </ClInclude>
    <ClInclude Include="Pickups.h">
      <Filter>Header Files\Behaviors\Common</Filter>
    </ClInclude>
    <ClInclude Include="BunnyObject.h">
      <Filter>Header Files\Behaviors\Common</Filter>
    </ClInclude>
    <ClInclude Include="Diamondus.h">
      <Filter>Header Files\Behaviors</Filter>
    </ClInclude>
    <ClInclude Include="Bunny.h">
      <Filter>Header Files\Behaviors\Common</Filter>
    </ClInclude>
    <ClInclude Include="BunnyVersionDependentStuff.h">
      <Filter>Header Files</Filter>
    </ClInclude>
    <ClInclude Include="BunnyMisc.h">
      <Filter>Header Files</Filter>
    </ClInclude>
    <ClInclude Include="BunnyShaders.h">
      <Filter>Header Files</Filter>
    </ClInclude>
    <ClInclude Include="BunnyEffects.h">
      <Filter>Header Files\Behaviors\Common</Filter>
    </ClInclude>
    <ClInclude Include="BunnyHUD.h">
      <Filter>Header Files</Filter>
    </ClInclude>
  </ItemGroup>
</Project>